
Microsoft Visual Studio Solution File, Format Version 12.00
# Visual Studio Version 17
VisualStudioVersion = 17.3.32804.467
MinimumVisualStudioVersion = 10.0.40219.1
Project("{FAE04EC0-301F-11D3-BF4B-00C04F79EFBC}") = "HeroScape Army Randomizer", "HeroScape Army Randomizer\HeroScape Army Randomizer.csproj", "{82660D82-EC73-4B32-9535-19C00F7CF502}"
EndProject
Global
	GlobalSection(SolutionConfigurationPlatforms) = preSolution
		Debug|Any CPU = Debug|Any CPU
		Release|Any CPU = Release|Any CPU
	EndGlobalSection
	GlobalSection(ProjectConfigurationPlatforms) = postSolution
		{82660D82-EC73-4B32-9535-19C00F7CF502}.Debug|Any CPU.ActiveCfg = Debug|Any CPU
		{82660D82-EC73-4B32-9535-19C00F7CF502}.Debug|Any CPU.Build.0 = Debug|Any CPU
		{82660D82-EC73-4B32-9535-19C00F7CF502}.Release|Any CPU.ActiveCfg = Release|Any CPU
		{82660D82-EC73-4B32-9535-19C00F7CF502}.Release|Any CPU.Build.0 = Release|Any CPU
	EndGlobalSection
	GlobalSection(SolutionProperties) = preSolution
		HideSolutionNode = FALSE
	EndGlobalSection
	GlobalSection(ExtensibilityGlobals) = postSolution
		SolutionGuid = {7560636C-AD45-4E8B-AA22-99A60E1837FA}
	EndGlobalSection
EndGlobal
